{
  "version": 4,
  "terraform_version": "1.2.5",
  "serial": 1,
  "lineage": "f2eef551-4fa0-5254-b1c4-a99b45fa4f1b",
  "outputs": {},
  "resources": [
    {
      "mode": "managed",
      "type": "azurerm_resource_group",
      "name": "demo",
      "provider": "provider[\"registry.terraform.io/hashicorp/azurerm\"]",
      "instances": [
        {
          "schema_version": 0,
          "attributes": {
            "id": "/subscriptions/27eaa666-8377-4fc5-9b84-2eb854ead4c3/resourceGroups/terraform_rg",
            "location": "eastus",
            "name": "terraform_rg",
            "tags": {
              "terraform": "terraform 123"
            },
            "timeouts": null
          },
          "sensitive_attributes": [],
          "private": "eyJlMmJmYjczMC1lY2FhLTExZTYtOGY4OC0zNDM2M2JjN2M0YzAiOnsiY3JlYXRlIjo1NDAwMDAwMDAwMDAwLCJkZWxldGUiOjU0MDAwMDAwMDAwMDAsInJlYWQiOjMwMDAwMDAwMDAwMCwidXBkYXRlIjo1NDAwMDAwMDAwMDAwfX0="
        }
      ]
    }
  ]
}
